// !$*UTF8*$!
{
	archiveVersion = 1;
	classes = {
	};
	objectVersion = 46;
	objects = {

/* Begin PBXBuildFile section */
		4E6F7CC219F6B69E00EF1D0F /* main.m in Sources */ = {isa = PBXBuildFile; fileRef = 4E6F7CC119F6B69E00EF1D0F /* main.m */; };
		4E6F7CC519F6B69E00EF1D0F /* AppDelegate.m in Sources */ = {isa = PBXBuildFile; fileRef = 4E6F7CC419F6B69E00EF1D0F /* AppDelegate.m */; };
		4E6F7CC819F6B69E00EF1D0F /* FirstViewController.m in Sources */ = {isa = PBXBuildFile; fileRef = 4E6F7CC719F6B69E00EF1D0F /* FirstViewController.m */; };
		4E6F7CCB19F6B69E00EF1D0F /* SecondViewController.m in Sources */ = {isa = PBXBuildFile; fileRef = 4E6F7CCA19F6B69E00EF1D0F /* SecondViewController.m */; };
		4E6F7CCE19F6B69E00EF1D0F /* Main.storyboard in Resources */ = {isa = PBXBuildFile; fileRef = 4E6F7CCC19F6B69E00EF1D0F /* Main.storyboard */; };
		4E6F7CD019F6B69E00EF1D0F /* Images.xcassets in Resources */ = {isa = PBXBuildFile; fileRef = 4E6F7CCF19F6B69E00EF1D0F /* Images.xcassets */; };
		4E6F7CD319F6B69E00EF1D0F /* LaunchScreen.xib in Resources */ = {isa = PBXBuildFile; fileRef = 4E6F7CD119F6B69E00EF1D0F /* LaunchScreen.xib */; };
		4E6F7CDF19F6B69E00EF1D0F /* StreakGameSamepleIntegrationTests.m in Sources */ = {isa = PBXBuildFile; fileRef = 4E6F7CDE19F6B69E00EF1D0F /* StreakGameSamepleIntegrationTests.m */; };
/* End PBXBuildFile section */

/* Begin PBXContainerItemProxy section */
		4E6F7CD919F6B69E00EF1D0F /* PBXContainerItemProxy */ = {
			isa = PBXContainerItemProxy;
			containerPortal = 4E6F7CB419F6B69E00EF1D0F /* Project object */;
			proxyType = 1;
			remoteGlobalIDString = 4E6F7CBB19F6B69E00EF1D0F;
			remoteInfo = StreakGameSamepleIntegration;
		};
/* End PBXContainerItemProxy section */

/* Begin PBXFileReference section */
		4E6F7CBC19F6B69E00EF1D0F /* StreakGameSamepleIntegration.app */ = {isa = PBXFileReference; explicitFileType = wrapper.application; includeInIndex = 0; path = StreakGameSamepleIntegration.app; sourceTree = BUILT_PRODUCTS_DIR; };
		4E6F7CC019F6B69E00EF1D0F /* Info.plist */ = {isa = PBXFileReference; lastKnownFileType = text.plist.xml; path = Info.plist; sourceTree = "<group>"; };
		4E6F7CC119F6B69E00EF1D0F /* main.m */ = {isa = PBXFileReference; lastKnownFileType = sourcecode.c.objc; path = main.m; sourceTree = "<group>"; };
		4E6F7CC319F6B69E00EF1D0F /* AppDelegate.h */ = {isa = PBXFileReference; lastKnownFileType = sourcecode.c.h; path = AppDelegate.h; sourceTree = "<group>"; };
		4E6F7CC419F6B69E00EF1D0F /* AppDelegate.m */ = {isa = PBXFileReference; lastKnownFileType = sourcecode.c.objc; path = AppDelegate.m; sourceTree = "<group>"; };
		4E6F7CC619F6B69E00EF1D0F /* FirstViewController.h */ = {isa = PBXFileReference; lastKnownFileType = sourcecode.c.h; path = FirstViewController.h; sourceTree = "<group>"; };
		4E6F7CC719F6B69E00EF1D0F /* FirstViewController.m */ = {isa = PBXFileReference; lastKnownFileType = sourcecode.c.objc; path = FirstViewController.m; sourceTree = "<group>"; };
		4E6F7CC919F6B69E00EF1D0F /* SecondViewController.h */ = {isa = PBXFileReference; lastKnownFileType = sourcecode.c.h; path = SecondViewController.h; sourceTree = "<group>"; };
		4E6F7CCA19F6B69E00EF1D0F /* SecondViewController.m */ = {isa = PBXFileReference; lastKnownFileType = sourcecode.c.objc; path = SecondViewController.m; sourceTree = "<group>"; };
		4E6F7CCD19F6B69E00EF1D0F /* Base */ = {isa = PBXFileReference; lastKnownFileType = file.storyboard; name = Base; path = Base.lproj/Main.storyboard; sourceTree = "<group>"; };
		4E6F7CCF19F6B69E00EF1D0F /* Images.xcassets */ = {isa = PBXFileReference; lastKnownFileType = folder.assetcatalog; path = Images.xcassets; sourceTree = "<group>"; };
		4E6F7CD219F6B69E00EF1D0F /* Base */ = {isa = PBXFileReference; lastKnownFileType = file.xib; name = Base; path = Base.lproj/LaunchScreen.xib; sourceTree = "<group>"; };
		4E6F7CD819F6B69E00EF1D0F /* StreakGameSamepleIntegrationTests.xctest */ = {isa = PBXFileReference; explicitFileType = wrapper.cfbundle; includeInIndex = 0; path = StreakGameSamepleIntegrationTests.xctest; sourceTree = BUILT_PRODUCTS_DIR; };
		4E6F7CDD19F6B69E00EF1D0F /* Info.plist */ = {isa = PBXFileReference; lastKnownFileType = text.plist.xml; path = Info.plist; sourceTree = "<group>"; };
		4E6F7CDE19F6B69E00EF1D0F /* StreakGameSamepleIntegrationTests.m */ = {isa = PBXFileReference; lastKnownFileType = sourcecode.c.objc; path = StreakGameSamepleIntegrationTests.m; sourceTree = "<group>"; };
/* End PBXFileReference section */

/* Begin PBXFrameworksBuildPhase section */
		4E6F7CB919F6B69E00EF1D0F /* Frameworks */ = {
			isa = PBXFrameworksBuildPhase;
			buildActionMask = 2147483647;
			files = (
			);
			runOnlyForDeploymentPostprocessing = 0;
		};
		4E6F7CD519F6B69E00EF1D0F /* Frameworks */ = {
			isa = PBXFrameworksBuildPhase;
			buildActionMask = 2147483647;
			files = (
			);
			runOnlyForDeploymentPostprocessing = 0;
		};
/* End PBXFrameworksBuildPhase section */

/* Begin PBXGroup section */
		4E6F7CB319F6B69E00EF1D0F = {
			isa = PBXGroup;
			children = (
				4E6F7CBE19F6B69E00EF1D0F /* StreakGameSamepleIntegration */,
				4E6F7CDB19F6B69E00EF1D0F /* StreakGameSamepleIntegrationTests */,
				4E6F7CBD19F6B69E00EF1D0F /* Products */,
			);
			sourceTree = "<group>";
		};
		4E6F7CBD19F6B69E00EF1D0F /* Products */ = {
			isa = PBXGroup;
			children = (
				4E6F7CBC19F6B69E00EF1D0F /* StreakGameSamepleIntegration.app */,
				4E6F7CD819F6B69E00EF1D0F /* StreakGameSamepleIntegrationTests.xctest */,
			);
			name = Products;
			sourceTree = "<group>";
		};
		4E6F7CBE19F6B69E00EF1D0F /* StreakGameSamepleIntegration */ = {
			isa = PBXGroup;
			children = (
				4E6F7CC319F6B69E00EF1D0F /* AppDelegate.h */,
				4E6F7CC419F6B69E00EF1D0F /* AppDelegate.m */,
				4E6F7CC619F6B69E00EF1D0F /* FirstViewController.h */,
				4E6F7CC719F6B69E00EF1D0F /* FirstViewController.m */,
				4E6F7CC919F6B69E00EF1D0F /* SecondViewController.h */,
				4E6F7CCA19F6B69E00EF1D0F /* SecondViewController.m */,
				4E6F7CCC19F6B69E00EF1D0F /* Main.storyboard */,
				4E6F7CCF19F6B69E00EF1D0F /* Images.xcassets */,
				4E6F7CD119F6B69E00EF1D0F /* LaunchScreen.xib */,
				4E6F7CBF19F6B69E00EF1D0F /* Supporting Files */,
			);
			path = StreakGameSamepleIntegration;
			sourceTree = "<group>";
		};
		4E6F7CBF19F6B69E00EF1D0F /* Supporting Files */ = {
			isa = PBXGroup;
			children = (
				4E6F7CC019F6B69E00EF1D0F /* Info.plist */,
				4E6F7CC119F6B69E00EF1D0F /* main.m */,
			);
			name = "Supporting Files";
			sourceTree = "<group>";
		};
		4E6F7CDB19F6B69E00EF1D0F /* StreakGameSamepleIntegrationTests */ = {
			isa = PBXGroup;
			children = (
				4E6F7CDE19F6B69E00EF1D0F /* StreakGameSamepleIntegrationTests.m */,
				4E6F7CDC19F6B69E00EF1D0F /* Supporting Files */,
			);
			path = StreakGameSamepleIntegrationTests;
			sourceTree = "<group>";
		};
		4E6F7CDC19F6B69E00EF1D0F /* Supporting Files */ = {
			isa = PBXGroup;
			children = (
				4E6F7CDD19F6B69E00EF1D0F /* Info.plist */,
			);
			name = "Supporting Files";
			sourceTree = "<group>";
		};
/* End PBXGroup section */

/* Begin PBXNativeTarget section */
		4E6F7CBB19F6B69E00EF1D0F /* StreakGameSamepleIntegration */ = {
			isa = PBXNativeTarget;
			buildConfigurationList = 4E6F7CE219F6B69E00EF1D0F /* Build configuration list for PBXNativeTarget "StreakGameSamepleIntegration" */;
			buildPhases = (
				4E6F7CB819F6B69E00EF1D0F /* Sources */,
				4E6F7CB919F6B69E00EF1D0F /* Frameworks */,
				4E6F7CBA19F6B69E00EF1D0F /* Resources */,
			);
			buildRules = (
			);
			dependencies = (
			);
			name = StreakGameSamepleIntegration;
			productName = StreakGameSamepleIntegration;
			productReference = 4E6F7CBC19F6B69E00EF1D0F /* StreakGameSamepleIntegration.app */;
			productType = "com.apple.product-type.application";
		};
		4E6F7CD719F6B69E00EF1D0F /* StreakGameSamepleIntegrationTests */ = {
			isa = PBXNativeTarget;
			buildConfigurationList = 4E6F7CE519F6B69E00EF1D0F /* Build configuration list for PBXNativeTarget "StreakGameSamepleIntegrationTests" */;
			buildPhases = (
				4E6F7CD419F6B69E00EF1D0F /* Sources */,
				4E6F7CD519F6B69E00EF1D0F /* Frameworks */,
				4E6F7CD619F6B69E00EF1D0F /* Resources */,
			);
			buildRules = (
			);
			dependencies = (
				4E6F7CDA19F6B69E00EF1D0F /* PBXTargetDependency */,
			);
			name = StreakGameSamepleIntegrationTests;
			productName = StreakGameSamepleIntegrationTests;
			productReference = 4E6F7CD819F6B69E00EF1D0F /* StreakGameSamepleIntegrationTests.xctest */;
			productType = "com.apple.product-type.bundle.unit-test";
		};
/* End PBXNativeTarget section */

/* Begin PBXProject section */
		4E6F7CB419F6B69E00EF1D0F /* Project object */ = {
			isa = PBXProject;
			attributes = {
				LastUpgradeCheck = 0610;
				ORGANIZATIONNAME = PrePlay;
				TargetAttributes = {
					4E6F7CBB19F6B69E00EF1D0F = {
						CreatedOnToolsVersion = 6.1;
					};
					4E6F7CD719F6B69E00EF1D0F = {
						CreatedOnToolsVersion = 6.1;
						TestTargetID = 4E6F7CBB19F6B69E00EF1D0F;
					};
				};
			};
			buildConfigurationList = 4E6F7CB719F6B69E00EF1D0F /* Build configuration list for PBXProject "StreakGameSamepleIntegration" */;
			compatibilityVersion = "Xcode 3.2";
			developmentRegion = English;
			hasScannedForEncodings = 0;
			knownRegions = (
				en,
				Base,
			);
			mainGroup = 4E6F7CB319F6B69E00EF1D0F;
			productRefGroup = 4E6F7CBD19F6B69E00EF1D0F /* Products */;
			projectDirPath = "";
			projectRoot = "";
			targets = (
				4E6F7CBB19F6B69E00EF1D0F /* StreakGameSamepleIntegration */,
				4E6F7CD719F6B69E00EF1D0F /* StreakGameSamepleIntegrationTests */,
			);
		};
/* End PBXProject section */

/* Begin PBXResourcesBuildPhase section */
		4E6F7CBA19F6B69E00EF1D0F /* Resources */ = {
			isa = PBXResourcesBuildPhase;
			buildActionMask = 2147483647;
			files = (
				4E6F7CCE19F6B69E00EF1D0F /* Main.storyboard in Resources */,
				4E6F7CD319F6B69E00EF1D0F /* LaunchScreen.xib in Resources */,
				4E6F7CD019F6B69E00EF1D0F /* Images.xcassets in Resources */,
			);
			runOnlyForDeploymentPostprocessing = 0;
		};
		4E6F7CD619F6B69E00EF1D0F /* Resources */ = {
			isa = PBXResourcesBuildPhase;
			buildActionMask = 2147483647;
			files = (
			);
			runOnlyForDeploymentPostprocessing = 0;
		};
/* End PBXResourcesBuildPhase section */

/* Begin PBXSourcesBuildPhase section */
		4E6F7CB819F6B69E00EF1D0F /* Sources */ = {
			isa = PBXSourcesBuildPhase;
			buildActionMask = 2147483647;
			files = (
				4E6F7CCB19F6B69E00EF1D0F /* SecondViewController.m in Sources */,
				4E6F7CC519F6B69E00EF1D0F /* AppDelegate.m in Sources */,
				4E6F7CC819F6B69E00EF1D0F /* FirstViewController.m in Sources */,
				4E6F7CC219F6B69E00EF1D0F /* main.m in Sources */,
			);
			runOnlyForDeploymentPostprocessing = 0;
		};
		4E6F7CD419F6B69E00EF1D0F /* Sources */ = {
			isa = PBXSourcesBuildPhase;
			buildActionMask = 2147483647;
			files = (
				4E6F7CDF19F6B69E00EF1D0F /* StreakGameSamepleIntegrationTests.m in Sources */,
			);
			runOnlyForDeploymentPostprocessing = 0;
		};
/* End PBXSourcesBuildPhase section */

/* Begin PBXTargetDependency section */
		4E6F7CDA19F6B69E00EF1D0F /* PBXTargetDependency */ = {
			isa = PBXTargetDependency;
			target = 4E6F7CBB19F6B69E00EF1D0F /* StreakGameSamepleIntegration */;
			targetProxy = 4E6F7CD919F6B69E00EF1D0F /* PBXContainerItemProxy */;
		};
/* End PBXTargetDependency section */

/* Begin PBXVariantGroup section */
		4E6F7CCC19F6B69E00EF1D0F /* Main.storyboard */ = {
			isa = PBXVariantGroup;
			children = (
				4E6F7CCD19F6B69E00EF1D0F /* Base */,
			);
			name = Main.storyboard;
			sourceTree = "<group>";
		};
		4E6F7CD119F6B69E00EF1D0F /* LaunchScreen.xib */ = {
			isa = PBXVariantGroup;
			children = (
				4E6F7CD219F6B69E00EF1D0F /* Base */,
			);
			name = LaunchScreen.xib;
			sourceTree = "<group>";
		};
/* End PBXVariantGroup section */

/* Begin XCBuildConfiguration section */
		4E6F7CE019F6B69E00EF1D0F /* Debug */ = {
			isa = XCBuildConfiguration;
			buildSettings = {
				ALWAYS_SEARCH_USER_PATHS = NO;
				CLANG_CXX_LANGUAGE_STANDARD = "gnu++0x";
				CLANG_CXX_LIBRARY = "libc++";
				CLANG_ENABLE_MODULES = YES;
				CLANG_ENABLE_OBJC_ARC = YES;
				CLANG_WARN_BOOL_CONVERSION = YES;
				CLANG_WARN_CONSTANT_CONVERSION = YES;
				CLANG_WARN_DIRECT_OBJC_ISA_USAGE = YES_ERROR;
				CLANG_WARN_EMPTY_BODY = YES;
				CLANG_WARN_ENUM_CONVERSION = YES;
				CLANG_WARN_INT_CONVERSION = YES;
				CLANG_WARN_OBJC_ROOT_CLASS = YES_ERROR;
				CLANG_WARN_UNREACHABLE_CODE = YES;
				CLANG_WARN__DUPLICATE_METHOD_MATCH = YES;
				"CODE_SIGN_IDENTITY[sdk=iphoneos*]" = "iPhone Developer";
				COPY_PHASE_STRIP = NO;
				ENABLE_STRICT_OBJC_MSGSEND = YES;
				GCC_C_LANGUAGE_STANDARD = gnu99;
				GCC_DYNAMIC_NO_PIC = NO;
				GCC_OPTIMIZATION_LEVEL = 0;
				GCC_PREPROCESSOR_DEFINITIONS = (
					"DEBUG=1",
					"$(inherited)",
				);
				GCC_SYMBOLS_PRIVATE_EXTERN = NO;
				GCC_WARN_64_TO_32_BIT_CONVERSION = YES;
				GCC_WARN_ABOUT_RETURN_TYPE = YES_ERROR;
				GCC_WARN_UNDECLARED_SELECTOR = YES;
				GCC_WARN_UNINITIALIZED_AUTOS = YES_AGGRESSIVE;
				GCC_WARN_UNUSED_FUNCTION = YES;
				GCC_WARN_UNUSED_VARIABLE = YES;
				IPHONEOS_DEPLOYMENT_TARGET = 8.1;
				MTL_ENABLE_DEBUG_INFO = YES;
				ONLY_ACTIVE_ARCH = YES;
				SDKROOT = iphoneos;
				TARGETED_DEVICE_FAMILY = "1,2";
			};
			name = Debug;
		};
		4E6F7CE119F6B69E00EF1D0F /* Release */ = {
			isa = XCBuildConfiguration;
			buildSettings = {
				ALWAYS_SEARCH_USER_PATHS = NO;
				CLANG_CXX_LANGUAGE_STANDARD = "gnu++0x";
				CLANG_CXX_LIBRARY = "libc++";
				CLANG_ENABLE_MODULES = YES;
				CLANG_ENABLE_OBJC_ARC = YES;
				CLANG_WARN_BOOL_CONVERSION = YES;
				CLANG_WARN_CONSTANT_CONVERSION = YES;
				CLANG_WARN_DIRECT_OBJC_ISA_USAGE = YES_ERROR;
				CLANG_WARN_EMPTY_BODY = YES;
				CLANG_WARN_ENUM_CONVERSION = YES;
				CLANG_WARN_INT_CONVERSION = YES;
				CLANG_WARN_OBJC_ROOT_CLASS = YES_ERROR;
				CLANG_WARN_UNREACHABLE_CODE = YES;
				CLANG_WARN__DUPLICATE_METHOD_MATCH = YES;
				"CODE_SIGN_IDENTITY[sdk=iphoneos*]" = "iPhone Developer";
				COPY_PHASE_STRIP = YES;
				ENABLE_NS_ASSERTIONS = NO;
				ENABLE_STRICT_OBJC_MSGSEND = YES;
				GCC_C_LANGUAGE_STANDARD = gnu99;
				GCC_WARN_64_TO_32_BIT_CONVERSION = YES;
				GCC_WARN_ABOUT_RETURN_TYPE = YES_ERROR;
				GCC_WARN_UNDECLARED_SELECTOR = YES;
				GCC_WARN_UNINITIALIZED_AUTOS = YES_AGGRESSIVE;
				GCC_WARN_UNUSED_FUNCTION = YES;
				GCC_WARN_UNUSED_VARIABLE = YES;
				IPHONEOS_DEPLOYMENT_TARGET = 8.1;
				MTL_ENABLE_DEBUG_INFO = NO;
				SDKROOT = iphoneos;
				TARGETED_DEVICE_FAMILY = "1,2";
				VALIDATE_PRODUCT = YES;
			};
			name = Release;
		};
		4E6F7CE319F6B69E00EF1D0F /* Debug */ = {
			isa = XCBuildConfiguration;
			buildSettings = {
				ASSETCATALOG_COMPILER_APPICON_NAME = AppIcon;
				INFOPLIST_FILE = StreakGameSamepleIntegration/Info.plist;
				LD_RUNPATH_SEARCH_PATHS = "$(inherited) @executable_path/Frameworks";
				PRODUCT_NAME = "$(TARGET_NAME)";
			};
			name = Debug;
		};
		4E6F7CE419F6B69E00EF1D0F /* Release */ = {
			isa = XCBuildConfiguration;
			buildSettings = {
				ASSETCATALOG_COMPILER_APPICON_NAME = AppIcon;
				INFOPLIST_FILE = StreakGameSamepleIntegration/Info.plist;
				LD_RUNPATH_SEARCH_PATHS = "$(inherited) @executable_path/Frameworks";
				PRODUCT_NAME = "$(TARGET_NAME)";
			};
			name = Release;
		};
		4E6F7CE619F6B69E00EF1D0F /* Debug */ = {
			isa = XCBuildConfiguration;
			buildSettings = {
				BUNDLE_LOADER = "$(TEST_HOST)";
				FRAMEWORK_SEARCH_PATHS = (
					"$(SDKROOT)/Developer/Library/Frameworks",
					"$(inherited)",
				);
				GCC_PREPROCESSOR_DEFINITIONS = (
					"DEBUG=1",
					"$(inherited)",
				);
				INFOPLIST_FILE = StreakGameSamepleIntegrationTests/Info.plist;
				LD_RUNPATH_SEARCH_PATHS = "$(inherited) @executable_path/Frameworks @loader_path/Frameworks";
				PRODUCT_NAME = "$(TARGET_NAME)";
				TEST_HOST = "$(BUILT_PRODUCTS_DIR)/StreakGameSamepleIntegration.app/StreakGameSamepleIntegration";
			};
			name = Debug;
		};
		4E6F7CE719F6B69E00EF1D0F /* Release */ = {
			isa = XCBuildConfiguration;
			buildSettings = {
				BUNDLE_LOADER = "$(TEST_HOST)";
				FRAMEWORK_SEARCH_PATHS = (
					"$(SDKROOT)/Developer/Library/Frameworks",
					"$(inherited)",
				);
				INFOPLIST_FILE = StreakGameSamepleIntegrationTests/Info.plist;
				LD_RUNPATH_SEARCH_PATHS = "$(inherited) @executable_path/Frameworks @loader_path/Frameworks";
				PRODUCT_NAME = "$(TARGET_NAME)";
				TEST_HOST = "$(BUILT_PRODUCTS_DIR)/StreakGameSamepleIntegration.app/StreakGameSamepleIntegration";
			};
			name = Release;
		};
/* End XCBuildConfiguration section */

/* Begin XCConfigurationList section */
		4E6F7CB719F6B69E00EF1D0F /* Build configuration list for PBXProject "StreakGameSamepleIntegration" */ = {
			isa = XCConfigurationList;
			buildConfigurations = (
				4E6F7CE019F6B69E00EF1D0F /* Debug */,
				4E6F7CE119F6B69E00EF1D0F /* Release */,
			);
			defaultConfigurationIsVisible = 0;
			defaultConfigurationName = Release;
		};
		4E6F7CE219F6B69E00EF1D0F /* Build configuration list for PBXNativeTarget "StreakGameSamepleIntegration" */ = {
			isa = XCConfigurationList;
			buildConfigurations = (
				4E6F7CE319F6B69E00EF1D0F /* Debug */,
				4E6F7CE419F6B69E00EF1D0F /* Release */,
			);
			defaultConfigurationIsVisible = 0;
		};
		4E6F7CE519F6B69E00EF1D0F /* Build configuration list for PBXNativeTarget "StreakGameSamepleIntegrationTests" */ = {
			isa = XCConfigurationList;
			buildConfigurations = (
				4E6F7CE619F6B69E00EF1D0F /* Debug */,
				4E6F7CE719F6B69E00EF1D0F /* Release */,
			);
			defaultConfigurationIsVisible = 0;
		};
/* End XCConfigurationList section */
	};
	rootObject = 4E6F7CB419F6B69E00EF1D0F /* Project object */;
}
